{
  "name": "training",
  "version": "1.0.0",
  "lockfileVersion": 1,
  "requires": true,
  "dependencies": {
    "clone": {
      "version": "2.1.1",
      "resolved": "https://registry.npmjs.org/clone/-/clone-2.1.1.tgz",
      "integrity": "sha1-0hfR6WERjjrJpLi7oyhVU79kfNs="
    },
    "genetic-js": {
      "version": "git+https://github.com/Loonride/genetic-js.git#551913874e8bd333b70d21c57516ed58715453a8",
      "requires": {
        "clone": "2.1.1"
      }
    }
  }
}
